
Microsoft Visual Studio Solution File, Format Version 12.00
# Visual Studio Version 17
VisualStudioVersion = 17.9.34607.119
MinimumVisualStudioVersion = 10.0.40219.1
Project("{FAE04EC0-301F-11D3-BF4B-00C04F79EFBC}") = "AgriEnergyConnectWebApp", "AgriEnergyConnectWebApp.csproj", "{29B0D7FF-3BF4-4B4E-9DB6-4A017EEE0897}"
EndProject
Global
	GlobalSection(SolutionConfigurationPlatforms) = preSolution
		Debug|Any CPU = Debug|Any CPU
		Release|Any CPU = Release|Any CPU
	EndGlobalSection
	GlobalSection(ProjectConfigurationPlatforms) = postSolution
		{29B0D7FF-3BF4-4B4E-9DB6-4A017EEE0897}.Debug|Any CPU.ActiveCfg = Debug|Any CPU
		{29B0D7FF-3BF4-4B4E-9DB6-4A017EEE0897}.Debug|Any CPU.Build.0 = Debug|Any CPU
		{29B0D7FF-3BF4-4B4E-9DB6-4A017EEE0897}.Release|Any CPU.ActiveCfg = Release|Any CPU
		{29B0D7FF-3BF4-4B4E-9DB6-4A017EEE0897}.Release|Any CPU.Build.0 = Release|Any CPU
	EndGlobalSection
	GlobalSection(SolutionProperties) = preSolution
		HideSolutionNode = FALSE
	EndGlobalSection
	GlobalSection(ExtensibilityGlobals) = postSolution
		SolutionGuid = {14078E57-6E17-45C2-95BD-6C396C615998}
	EndGlobalSection
EndGlobal
